
Microsoft Visual Studio Solution File, Format Version 12.00
# Visual Studio Version 16
VisualStudioVersion = 16.0.28729.10
MinimumVisualStudioVersion = 10.0.40219.1
Project("{2150E333-8FDC-42A3-9474-1A3956D46DE8}") = "Элементы решения", "Элементы решения", "{F5ACED06-425A-4388-997B-B4A4CA574DFF}"
	ProjectSection(SolutionItems) = preProject
		MyTe.vsd = MyTe.vsd
	EndProjectSection
EndProject
Project("{8BC9CEB8-8B4A-11D0-8D11-00A0C91BC942}") = "MyTe", "MyTe\MyTe.vcxproj", "{96E0E46E-B8BE-443D-8C3F-56743F2313F0}"
EndProject
Project("{8BC9CEB8-8B4A-11D0-8D11-00A0C91BC942}") = "find", "..\find\find\find.vcxproj", "{5DCA8BEF-FA47-43E2-B0B0-7BA7EF503578}"
EndProject
Project("{8BC9CEB8-8B4A-11D0-8D11-00A0C91BC942}") = "extint", "extint\extint.vcxproj", "{44135A0F-48BB-4931-A34C-D2F48CDD3D98}"
EndProject
Global
	GlobalSection(SolutionConfigurationPlatforms) = preSolution
		Debug|Win32 = Debug|Win32
		Debug|x64 = Debug|x64
		Release|Win32 = Release|Win32
		Release|x64 = Release|x64
	EndGlobalSection
	GlobalSection(ProjectConfigurationPlatforms) = postSolution
		{96E0E46E-B8BE-443D-8C3F-56743F2313F0}.Debug|Win32.ActiveCfg = Debug|Win32
		{96E0E46E-B8BE-443D-8C3F-56743F2313F0}.Debug|Win32.Build.0 = Debug|Win32
		{96E0E46E-B8BE-443D-8C3F-56743F2313F0}.Debug|x64.ActiveCfg = Debug|x64
		{96E0E46E-B8BE-443D-8C3F-56743F2313F0}.Debug|x64.Build.0 = Debug|x64
		{96E0E46E-B8BE-443D-8C3F-56743F2313F0}.Release|Win32.ActiveCfg = Release|Win32
		{96E0E46E-B8BE-443D-8C3F-56743F2313F0}.Release|Win32.Build.0 = Release|Win32
		{96E0E46E-B8BE-443D-8C3F-56743F2313F0}.Release|x64.ActiveCfg = Release|x64
		{96E0E46E-B8BE-443D-8C3F-56743F2313F0}.Release|x64.Build.0 = Release|x64
		{5DCA8BEF-FA47-43E2-B0B0-7BA7EF503578}.Debug|Win32.ActiveCfg = Debug|Win32
		{5DCA8BEF-FA47-43E2-B0B0-7BA7EF503578}.Debug|Win32.Build.0 = Debug|Win32
		{5DCA8BEF-FA47-43E2-B0B0-7BA7EF503578}.Debug|x64.ActiveCfg = Debug|x64
		{5DCA8BEF-FA47-43E2-B0B0-7BA7EF503578}.Release|Win32.ActiveCfg = Release|Win32
		{5DCA8BEF-FA47-43E2-B0B0-7BA7EF503578}.Release|Win32.Build.0 = Release|Win32
		{5DCA8BEF-FA47-43E2-B0B0-7BA7EF503578}.Release|x64.ActiveCfg = Release|x64
		{5DCA8BEF-FA47-43E2-B0B0-7BA7EF503578}.Release|x64.Build.0 = Release|x64
		{44135A0F-48BB-4931-A34C-D2F48CDD3D98}.Debug|Win32.ActiveCfg = Debug|Win32
		{44135A0F-48BB-4931-A34C-D2F48CDD3D98}.Debug|Win32.Build.0 = Debug|Win32
		{44135A0F-48BB-4931-A34C-D2F48CDD3D98}.Debug|x64.ActiveCfg = Debug|x64
		{44135A0F-48BB-4931-A34C-D2F48CDD3D98}.Release|Win32.ActiveCfg = Release|Win32
		{44135A0F-48BB-4931-A34C-D2F48CDD3D98}.Release|Win32.Build.0 = Release|Win32
		{44135A0F-48BB-4931-A34C-D2F48CDD3D98}.Release|x64.ActiveCfg = Release|x64
		{44135A0F-48BB-4931-A34C-D2F48CDD3D98}.Release|x64.Build.0 = Release|x64
	EndGlobalSection
	GlobalSection(SolutionProperties) = preSolution
		HideSolutionNode = FALSE
	EndGlobalSection
	GlobalSection(ExtensibilityGlobals) = postSolution
		SolutionGuid = {916785E8-27A6-4F05-B90A-CD43EC5134AA}
	EndGlobalSection
EndGlobal
